{
  "nodes": {
    "nixpkgs": {
      "locked": {
        "lastModified": 1779560665,
        "narHash": "sha256-tpyBcxPpcQb8ukyNF7DoCwfSY3VPsxHoYwj00Cayv5o=",
        "owner": "NixOS",
        "repo": "nixpkgs",
        "rev": "64c08a7ca051951c8eae34e3e3cb1e202fe36786",
        "type": "github"
      },
      "original": {
        "owner": "NixOS",
        "ref": "nixos-unstable",
        "repo": "nixpkgs",
        "type": "github"
      }
    },
    "root": {
      "inputs": {
        "nixpkgs": "nixpkgs",
        "shared-utils": "shared-utils"
      }
    },
    "shared-utils": {
      "inputs": {
        "nixpkgs": [
          "nixpkgs"
        ]
      },
      "locked": {
        "lastModified": 1781244883,
        "narHash": "sha256-MqOlqVVgnnz4sFQfUIIqtTEijGP/EjthLt1C7obqdoM=",
        "owner": "dravengarden",
        "repo": "shared-utils",
        "rev": "a242eb87261f1e5441e121e133bc49514773139a",
        "type": "github"
      },
      "original": {
        "owner": "dravengarden",
        "repo": "shared-utils",
        "type": "github"
      }
    }
  },
  "root": "root",
  "version": 7
}
