{
  "nodes": {
    "nixpkgs": {
      "locked": {
        "lastModified": 1779560665,
        "narHash": "sha256-tpyBcxPpcQb8ukyNF7DoCwfSY3VPsxHoYwj00Cayv5o=",
        "owner": "NixOS",
        "repo": "nixpkgs",
        "rev": "64c08a7ca051951c8eae34e3e3cb1e202fe36786",
        "type": "github"
      },
      "original": {
        "owner": "NixOS",
        "ref": "nixos-unstable",
        "repo": "nixpkgs",
        "type": "github"
      }
    },
    "root": {
      "inputs": {
        "nixpkgs": "nixpkgs",
        "shared-utils": "shared-utils"
      }
    },
    "shared-utils": {
      "inputs": {
        "nixpkgs": [
          "nixpkgs"
        ]
      },
      "locked": {
        "lastModified": 1781282205,
        "narHash": "sha256-HeXaxLkm/ySTAgjvi/6WeVYg7Xi7QiOh//YpbHqqkgc=",
        "owner": "dravengarden",
        "repo": "shared-utils",
        "rev": "f8ea569949e69fd0dc7cb4e071b8587026e1e6a9",
        "type": "github"
      },
      "original": {
        "owner": "dravengarden",
        "repo": "shared-utils",
        "type": "github"
      }
    }
  },
  "root": "root",
  "version": 7
}
