{
  "nodes": {
    "nixpkgs": {
      "locked": {
        "lastModified": 1779560665,
        "narHash": "sha256-tpyBcxPpcQb8ukyNF7DoCwfSY3VPsxHoYwj00Cayv5o=",
        "owner": "NixOS",
        "repo": "nixpkgs",
        "rev": "64c08a7ca051951c8eae34e3e3cb1e202fe36786",
        "type": "github"
      },
      "original": {
        "owner": "NixOS",
        "ref": "nixos-unstable",
        "repo": "nixpkgs",
        "type": "github"
      }
    },
    "root": {
      "inputs": {
        "nixpkgs": "nixpkgs",
        "shared-utils": "shared-utils"
      }
    },
    "shared-utils": {
      "inputs": {
        "nixpkgs": [
          "nixpkgs"
        ]
      },
      "locked": {
        "lastModified": 1781265425,
        "narHash": "sha256-pIJ30N1ngBvY1du8TL0ZhoGgM558GRYdVUfmrWBYTe0=",
        "owner": "dravengarden",
        "repo": "shared-utils",
        "rev": "f6fd4d638437feceb4829d8c17962af5722ddd0e",
        "type": "github"
      },
      "original": {
        "owner": "dravengarden",
        "repo": "shared-utils",
        "type": "github"
      }
    }
  },
  "root": "root",
  "version": 7
}
